
Microsoft Visual Studio Solution File, Format Version 12.00
# Visual Studio 15
VisualStudioVersion = 15.0.28307.168
MinimumVisualStudioVersion = 10.0.40219.1
Project("{FAE04EC0-301F-11D3-BF4B-00C04F79EFBC}") = "DelegIT-webapi", "DelegIT-webapi\DelegIT-webapi.csproj", "{BB992E3A-44E7-4339-86DC-8220CC39CF07}"
EndProject
Global
	GlobalSection(SolutionConfigurationPlatforms) = preSolution
		Debug|Any CPU = Debug|Any CPU
		Release|Any CPU = Release|Any CPU
	EndGlobalSection
	GlobalSection(ProjectConfigurationPlatforms) = postSolution
		{BB992E3A-44E7-4339-86DC-8220CC39CF07}.Debug|Any CPU.ActiveCfg = Debug|Any CPU
		{BB992E3A-44E7-4339-86DC-8220CC39CF07}.Debug|Any CPU.Build.0 = Debug|Any CPU
		{BB992E3A-44E7-4339-86DC-8220CC39CF07}.Release|Any CPU.ActiveCfg = Release|Any CPU
		{BB992E3A-44E7-4339-86DC-8220CC39CF07}.Release|Any CPU.Build.0 = Release|Any CPU
	EndGlobalSection
	GlobalSection(SolutionProperties) = preSolution
		HideSolutionNode = FALSE
	EndGlobalSection
	GlobalSection(ExtensibilityGlobals) = postSolution
		SolutionGuid = {5242DCA1-8186-4115-A7EC-A162BA9FC151}
	EndGlobalSection
EndGlobal
